{
    "_readme": [
        "This file locks the dependencies of your project to a known state",
        "Read more about it at https://getcomposer.org/doc/01-basic-usage.md#installing-dependencies",
        "This file is @generated automatically"
    ],
    "content-hash": "7235b7024cfc95a24e223157c01e25d8",
    "packages": [
        {
            "name": "coffeecode/uploader",
            "version": "1.0.11",
            "source": {
                "type": "git",
                "url": "https://github.com/robsonvleite/uploader.git",
                "reference": "182682c029ff23d28aa8f5d7db2db4c060fc3ae4"
            },
            "dist": {
                "type": "zip",
                "url": "https://api.github.com/repos/robsonvleite/uploader/zipball/182682c029ff23d28aa8f5d7db2db4c060fc3ae4",
                "reference": "182682c029ff23d28aa8f5d7db2db4c060fc3ae4",
                "shasum": ""
            },
            "require": {
                "ext-exif": "*",
                "ext-gd": "*",
                "ext-mbstring": "*",
                "php": ">=7.2"
            },
            "type": "library",
            "autoload": {
                "psr-4": {
                    "CoffeeCode\\Uploader\\": "src"
                }
            },
            "notification-url": "https://packagist.org/downloads/",
            "license": [
                "MIT"
            ],
            "authors": [
                {
                    "name": "Robson V. Leite",
                    "email": "cursos@upinside.com.br",
                    "role": "Developer"
                },
                {
                    "name": "Tiago Chini",
                    "email": "tiago.chini@hotmail.com",
                    "role": "collaborator"
                }
            ],
            "description": "It is a easy PHP upload manager for images, files and media in your application",
            "homepage": "http://www.upinside.com.br",
            "keywords": [
                "Coffeecode",
                "Image upload",
                "file upload",
                "media upload",
                "upinside",
                "upload"
            ],
            "support": {
                "issues": "https://github.com/robsonvleite/uploader/issues",
                "source": "https://github.com/robsonvleite/uploader/tree/1.0.11"
            },
            "time": "2021-03-21T18:57:41+00:00"
        }
    ],
    "packages-dev": [],
    "aliases": [],
    "minimum-stability": "stable",
    "stability-flags": [],
    "prefer-stable": false,
    "prefer-lowest": false,
    "platform": [],
    "platform-dev": [],
    "plugin-api-version": "2.3.0"
}
